
Microsoft Visual Studio Solution File, Format Version 12.00
# Visual Studio Version 17
VisualStudioVersion = 17.3.32922.545
MinimumVisualStudioVersion = 10.0.40219.1
Project("{FAE04EC0-301F-11D3-BF4B-00C04F79EFBC}") = "JenilAssignment1WcfService", "JenilAssignment1WcfService\JenilAssignment1WcfService.csproj", "{1D985729-4CAE-4F0F-B74D-DF25B2972AB3}"
EndProject
Project("{FAE04EC0-301F-11D3-BF4B-00C04F79EFBC}") = "JenilConsole", "JenilConsole\JenilConsole.csproj", "{BC1832A1-923A-44DB-9A89-97A8295A93B0}"
	ProjectSection(ProjectDependencies) = postProject
		{1D985729-4CAE-4F0F-B74D-DF25B2972AB3} = {1D985729-4CAE-4F0F-B74D-DF25B2972AB3}
	EndProjectSection
EndProject
Global
	GlobalSection(SolutionConfigurationPlatforms) = preSolution
		Debug|Any CPU = Debug|Any CPU
		Release|Any CPU = Release|Any CPU
	EndGlobalSection
	GlobalSection(ProjectConfigurationPlatforms) = postSolution
		{1D985729-4CAE-4F0F-B74D-DF25B2972AB3}.Debug|Any CPU.ActiveCfg = Debug|Any CPU
		{1D985729-4CAE-4F0F-B74D-DF25B2972AB3}.Debug|Any CPU.Build.0 = Debug|Any CPU
		{1D985729-4CAE-4F0F-B74D-DF25B2972AB3}.Release|Any CPU.ActiveCfg = Release|Any CPU
		{1D985729-4CAE-4F0F-B74D-DF25B2972AB3}.Release|Any CPU.Build.0 = Release|Any CPU
		{BC1832A1-923A-44DB-9A89-97A8295A93B0}.Debug|Any CPU.ActiveCfg = Debug|Any CPU
		{BC1832A1-923A-44DB-9A89-97A8295A93B0}.Debug|Any CPU.Build.0 = Debug|Any CPU
		{BC1832A1-923A-44DB-9A89-97A8295A93B0}.Release|Any CPU.ActiveCfg = Release|Any CPU
		{BC1832A1-923A-44DB-9A89-97A8295A93B0}.Release|Any CPU.Build.0 = Release|Any CPU
	EndGlobalSection
	GlobalSection(SolutionProperties) = preSolution
		HideSolutionNode = FALSE
	EndGlobalSection
	GlobalSection(ExtensibilityGlobals) = postSolution
		SolutionGuid = {BED3DACE-EB00-4C32-92D2-2557163A797A}
	EndGlobalSection
EndGlobal
